// !$*UTF8*$!
{
	archiveVersion = 1;
	classes = {
	};
	objectVersion = 55;
	objects = {

/* Begin PBXBuildFile section */
		150DD8E92FF30C1B00D89DCE /* SessionManager.swift in Sources */ = {isa = PBXBuildFile; fileRef = 150DD8E82FF30C1B00D89DCE /* SessionManager.swift */; };
		1518E8892FF1AE47006BED1A /* GoogleService-Info.plist in Resources */ = {isa = PBXBuildFile; fileRef = 1518E8882FF1AE47006BED1A /* GoogleService-Info.plist */; };
		1518E88C2FF1B5A3006BED1A /* Apollo in Frameworks */ = {isa = PBXBuildFile; productRef = 1518E88B2FF1B5A3006BED1A /* Apollo */; };
		15D4B36D2FF1F3030091D036 /* Customer.swift in Sources */ = {isa = PBXBuildFile; fileRef = 15D4B36C2FF1F3030091D036 /* Customer.swift */; };
		15D4B36F2FF1F30B0091D036 /* AuthToken.swift in Sources */ = {isa = PBXBuildFile; fileRef = 15D4B36E2FF1F30B0091D036 /* AuthToken.swift */; };
		1C494194884F29089BC26E72 /* LoginResponseDTO.swift in Sources */ = {isa = PBXBuildFile; fileRef = F4D6D05E3D4FF19300607EC7 /* LoginResponseDTO.swift */; };
		261A5B2B394AB22A645F271E /* OnboardingTextContainerView.swift in Sources */ = {isa = PBXBuildFile; fileRef = 8665BB92029607964C5FDF8B /* OnboardingTextContainerView.swift */; };
		2922EB9A63A8C99A9CA2B01C /* RawGraphQLClient.swift in Sources */ = {isa = PBXBuildFile; fileRef = 435DC0C8348BC923103655F2 /* RawGraphQLClient.swift */; };
		3909DB3BC9483E30F31E8559 /* RegisterUseCase.swift in Sources */ = {isa = PBXBuildFile; fileRef = 6CEF6214DE88C80686522218 /* RegisterUseCase.swift */; };
		3A46263D22695CB387577F8E /* AuthRemoteDataSource.swift in Sources */ = {isa = PBXBuildFile; fileRef = 6E4A7C98EDFD3702DC235866 /* AuthRemoteDataSource.swift */; };
		3D398B032F8E3A52DA9CA904 /* AuthRepositoryImpl.swift in Sources */ = {isa = PBXBuildFile; fileRef = 9AC0D39A7C03F2056714E13A /* AuthRepositoryImpl.swift */; };
		49E07C1824415F2404D0613D /* AppButton.swift in Sources */ = {isa = PBXBuildFile; fileRef = AF7A5B8BE8A25040E2309634 /* AppButton.swift */; };
		57EB4E515FDAFAD064E4EC86 /* Apollo+NetworkError.swift in Sources */ = {isa = PBXBuildFile; fileRef = 1A25156AF2CD212F46842181 /* Apollo+NetworkError.swift */; };
		584C128E2FEFFA2300F61A1B /* Preview Assets.xcassets in Resources */ = {isa = PBXBuildFile; fileRef = 584C128D2FEFFA2300F61A1B /* Preview Assets.xcassets */; };
		584C129E2FEFFA2300F61A1B /* QuickMartTests.swift in Sources */ = {isa = PBXBuildFile; fileRef = 584C129D2FEFFA2300F61A1B /* QuickMartTests.swift */; };
		584C12A82FEFFA2400F61A1B /* QuickMartUITests.swift in Sources */ = {isa = PBXBuildFile; fileRef = 584C12A72FEFFA2400F61A1B /* QuickMartUITests.swift */; };
		584C12AA2FEFFA2400F61A1B /* QuickMartUITestsLaunchTests.swift in Sources */ = {isa = PBXBuildFile; fileRef = 584C12A92FEFFA2400F61A1B /* QuickMartUITestsLaunchTests.swift */; };
		5FA135AF2FF168EB005F9FA6 /* LoginViewModel.swift in Sources */ = {isa = PBXBuildFile; fileRef = 5FA135AA2FF168EB005F9FA6 /* LoginViewModel.swift */; };
		5FA135B02FF168EB005F9FA6 /* LoginView.swift in Sources */ = {isa = PBXBuildFile; fileRef = 5FA135AC2FF168EB005F9FA6 /* LoginView.swift */; };
		5FA135B62FF169EC005F9FA6 /* RegisterViewModel.swift in Sources */ = {isa = PBXBuildFile; fileRef = 5FA135B12FF169EC005F9FA6 /* RegisterViewModel.swift */; };
		5FA135B72FF169EC005F9FA6 /* SignupView.swift in Sources */ = {isa = PBXBuildFile; fileRef = 5FA135B32FF169EC005F9FA6 /* SignupView.swift */; };
		5FA135B92FF16AF3005F9FA6 /* CustomTextField.swift in Sources */ = {isa = PBXBuildFile; fileRef = 5FA135B82FF16AF3005F9FA6 /* CustomTextField.swift */; };
		65265A0AFEAF7DFAAB6F8C88 /* Route.swift in Sources */ = {isa = PBXBuildFile; fileRef = 5985C743BC269621E90D1CB3 /* Route.swift */; };
		6DB926588223269EDEFE4C83 /* RegisterRequestDTO.swift in Sources */ = {isa = PBXBuildFile; fileRef = 0B4CFA3F34C465D3BADAE0A0 /* RegisterRequestDTO.swift */; };
		73AA1E6E9B929EE18BF160AA /* Network.swift in Sources */ = {isa = PBXBuildFile; fileRef = F2644DF2E68D26A3DFF6FB4D /* Network.swift */; };
		7A7BE68B58B207DEA8C8D97B /* ShopifyConfig.swift in Sources */ = {isa = PBXBuildFile; fileRef = 9CE31073432D446BE0CF0978 /* ShopifyConfig.swift */; };
		7DCAF82AC266DA8713B88BCA /* NetworkError.swift in Sources */ = {isa = PBXBuildFile; fileRef = ABEE1E582DDC9A04B5029A9D /* NetworkError.swift */; };
		853152CBDF5201C8DE9B0949 /* RootView.swift in Sources */ = {isa = PBXBuildFile; fileRef = 6C127E4B8B2EA37B5662334F /* RootView.swift */; };
		98B60399B78AA82923551283 /* String+Validation.swift in Sources */ = {isa = PBXBuildFile; fileRef = 1A0B89A7F0D4E1F3C3BB0304 /* String+Validation.swift */; };
		992D6DAC238046E366A7EBBE /* LoginRequestDTO.swift in Sources */ = {isa = PBXBuildFile; fileRef = CEEC02B6C8D86D9300F33FA9 /* LoginRequestDTO.swift */; };
		9F40D156A75B82DFBE7AD533 /* UserDefaultsKeys.swift in Sources */ = {isa = PBXBuildFile; fileRef = ABC406163828EE1731A9A68A /* UserDefaultsKeys.swift */; };
		AA2579AC9026EF9EF3A6CB50 /* AppRouter.swift in Sources */ = {isa = PBXBuildFile; fileRef = 7553ECC63FC025BF82070C77 /* AppRouter.swift */; };
		AE28836E3A00924BD327C1C5 /* LoginUseCase.swift in Sources */ = {isa = PBXBuildFile; fileRef = 039B670DBA77F0404C70DCD8 /* LoginUseCase.swift */; };
		B14B93AABAA3BEC3D701CCF7 /* OnboardingView.swift in Sources */ = {isa = PBXBuildFile; fileRef = 1AE9EDA13CE49B1F1041FAC3 /* OnboardingView.swift */; };
		B6FF4B0613B9FEA34103DC60 /* AuthMutations.swift in Sources */ = {isa = PBXBuildFile; fileRef = 396D59257189D40261CBC6D2 /* AuthMutations.swift */; };
		B9EC8BA9D39C1EA1B2DC31BF /* AppStrings.swift in Sources */ = {isa = PBXBuildFile; fileRef = 90DCE8A385D97C5EFE3DD83A /* AppStrings.swift */; };
		BC43438CFEB6647875F94D0E /* OnboardingBottomActionView.swift in Sources */ = {isa = PBXBuildFile; fileRef = FDFF40E7CEED51AE00537F4C /* OnboardingBottomActionView.swift */; };
		BFFB154A5B878704916D544C /* CustomLoadingView.swift in Sources */ = {isa = PBXBuildFile; fileRef = 57D20BE86A4B20A54AA6EA3F /* CustomLoadingView.swift */; };
		C858FCC936287DB11AE1F1A5 /* AuthRepositoryProtocol.swift in Sources */ = {isa = PBXBuildFile; fileRef = F45CCB23672A7E1B9F37B9C5 /* AuthRepositoryProtocol.swift */; };
		C921832A67FB45E399B37411 /* OnboardingTopCardView.swift in Sources */ = {isa = PBXBuildFile; fileRef = 82A14204EB0695F65E046182 /* OnboardingTopCardView.swift */; };
		D412CA452FF2E1DB0010892E /* FirebaseAuth in Frameworks */ = {isa = PBXBuildFile; productRef = D412CA442FF2E1DB0010892E /* FirebaseAuth */; };
		D412CA472FF2E1DB0010892E /* FirebaseCore in Frameworks */ = {isa = PBXBuildFile; productRef = D412CA462FF2E1DB0010892E /* FirebaseCore */; };
		D412CA4A2FF2E2560010892E /* Apollo in Frameworks */ = {isa = PBXBuildFile; productRef = D412CA492FF2E2560010892E /* Apollo */; };
		D412CA542FF2EA9A0010892E /* CategoryItem.swift in Sources */ = {isa = PBXBuildFile; fileRef = D412CA532FF2EA940010892E /* CategoryItem.swift */; };
		D412CA562FF2EAD40010892E /* MockCategoryRepository.swift in Sources */ = {isa = PBXBuildFile; fileRef = D412CA552FF2EAD10010892E /* MockCategoryRepository.swift */; };
		D412CA582FF2EAF60010892E /* CategoryViewModel.swift in Sources */ = {isa = PBXBuildFile; fileRef = D412CA572FF2EAEB0010892E /* CategoryViewModel.swift */; };
		D412CA5B2FF2EB220010892E /* CategoryGridItemView.swift in Sources */ = {isa = PBXBuildFile; fileRef = D412CA5A2FF2EB1F0010892E /* CategoryGridItemView.swift */; };
		D412CA5D2FF2EB720010892E /* CategoryView.swift in Sources */ = {isa = PBXBuildFile; fileRef = D412CA5C2FF2EB6F0010892E /* CategoryView.swift */; };
		D412CA602FF2F1D80010892E /* FetchCategoriesUseCase.swift in Sources */ = {isa = PBXBuildFile; fileRef = D412CA5F2FF2F1D50010892E /* FetchCategoriesUseCase.swift */; };
		D4A91EEA2FF025A9007B11D2 /* Product.swift in Sources */ = {isa = PBXBuildFile; fileRef = D4A91EE32FF025A9007B11D2 /* Product.swift */; };
		D4A91EEB2FF025A9007B11D2 /* ProductProtocol.swift in Sources */ = {isa = PBXBuildFile; fileRef = D4A91EE52FF025A9007B11D2 /* ProductProtocol.swift */; };
		D4A91EEC2FF025A9007B11D2 /* FetchProductUseCase.swift in Sources */ = {isa = PBXBuildFile; fileRef = D4A91EE72FF025A9007B11D2 /* FetchProductUseCase.swift */; };
		D4A91EF82FF025AE007B11D2 /* DIContainer.swift in Sources */ = {isa = PBXBuildFile; fileRef = D4A91EF02FF025AE007B11D2 /* DIContainer.swift */; };
		D4A91EF92FF025AE007B11D2 /* QuickMart.xcdatamodeld in Sources */ = {isa = PBXBuildFile; fileRef = D4A91EF22FF025AE007B11D2 /* QuickMart.xcdatamodeld */; };
		D4A91EFA2FF025AE007B11D2 /* QuickMartApp.swift in Sources */ = {isa = PBXBuildFile; fileRef = D4A91EF32FF025AE007B11D2 /* QuickMartApp.swift */; };
		D4A91EFB2FF025AE007B11D2 /* Assets.xcassets in Resources */ = {isa = PBXBuildFile; fileRef = D4A91EEE2FF025AE007B11D2 /* Assets.xcassets */; };
		D4A91EFD2FF025AE007B11D2 /* tempConfig.xcconfig in Resources */ = {isa = PBXBuildFile; fileRef = D4A91EF42FF025AE007B11D2 /* tempConfig.xcconfig */; };
		D4A91F092FF025B9007B11D2 /* LocalDataSource.swift in Sources */ = {isa = PBXBuildFile; fileRef = D4A91EFE2FF025B9007B11D2 /* LocalDataSource.swift */; };
		D4A91F0A2FF025B9007B11D2 /* RemoteDataSource.swift in Sources */ = {isa = PBXBuildFile; fileRef = D4A91F002FF025B9007B11D2 /* RemoteDataSource.swift */; };
		D4A91F0B2FF025B9007B11D2 /* ProductDTO.swift in Sources */ = {isa = PBXBuildFile; fileRef = D4A91F032FF025B9007B11D2 /* ProductDTO.swift */; };
		D4A91F0C2FF025B9007B11D2 /* ProductRepository.swift in Sources */ = {isa = PBXBuildFile; fileRef = D4A91F052FF025B9007B11D2 /* ProductRepository.swift */; };
		D4A91F162FF025BF007B11D2 /* View+Shimmer.swift in Sources */ = {isa = PBXBuildFile; fileRef = D4A91F0E2FF025BF007B11D2 /* View+Shimmer.swift */; };
		D4A91F182FF025BF007B11D2 /* NetworkService.swift in Sources */ = {isa = PBXBuildFile; fileRef = D4A91F112FF025BF007B11D2 /* NetworkService.swift */; };
		D4A91F192FF025BF007B11D2 /* Formatter.swift in Sources */ = {isa = PBXBuildFile; fileRef = D4A91F132FF025BF007B11D2 /* Formatter.swift */; };
		D4A91F1B2FF0297D007B11D2 /* ShopifyGraphQLClientProtocol.swift in Sources */ = {isa = PBXBuildFile; fileRef = D4A91F1A2FF0297C007B11D2 /* ShopifyGraphQLClientProtocol.swift */; };
		DB485DB7F1E08F3D6FC59A88 /* images.swift in Sources */ = {isa = PBXBuildFile; fileRef = 7E7E7477EA51BCBA5A046101 /* images.swift */; };
		DE047EC35CF252B5A89CE785 /* RegisterResponseDTO.swift in Sources */ = {isa = PBXBuildFile; fileRef = AB407902B34A12003729580C /* RegisterResponseDTO.swift */; };
		DE8BD1A02FF1945D00666E5D /* FirebaseAuth in Frameworks */ = {isa = PBXBuildFile; productRef = DE8BD19F2FF1945D00666E5D /* FirebaseAuth */; };
		DE8BD1A22FF1945D00666E5D /* FirebaseCore in Frameworks */ = {isa = PBXBuildFile; productRef = DE8BD1A12FF1945D00666E5D /* FirebaseCore */; };
		DFCA6316A229031D81765A74 /* color.swift in Sources */ = {isa = PBXBuildFile; fileRef = E449E3371C690013C22FFECF /* color.swift */; };
		E1587796B27C00AD71CFA171 /* DIContainer+Auth.swift in Sources */ = {isa = PBXBuildFile; fileRef = 48840F1497E4F0900AEC51E1 /* DIContainer+Auth.swift */; };
		F39367A71C7937F3D59CEB11 /* AppTextStyle.swift in Sources */ = {isa = PBXBuildFile; fileRef = D676201016FCACC6E578BECA /* AppTextStyle.swift */; };
		F43EB64763B4F93291DD6D89 /* AppConstants.swift in Sources */ = {isa = PBXBuildFile; fileRef = F11684F704246EE1B731ABEA /* AppConstants.swift */; };
		FE0BEFD3C89E6C9FD7673A62 /* DIContainer+Network.swift in Sources */ = {isa = PBXBuildFile; fileRef = 406F3E53F719FDB38C844682 /* DIContainer+Network.swift */; };
/* End PBXBuildFile section */

/* Begin PBXContainerItemProxy section */
		584C129A2FEFFA2300F61A1B /* PBXContainerItemProxy */ = {
			isa = PBXContainerItemProxy;
			containerPortal = 584C127B2FEFFA1F00F61A1B /* Project object */;
			proxyType = 1;
			remoteGlobalIDString = 584C12822FEFFA2000F61A1B;
			remoteInfo = QuickMart;
		};
		584C12A42FEFFA2400F61A1B /* PBXContainerItemProxy */ = {
			isa = PBXContainerItemProxy;
			containerPortal = 584C127B2FEFFA1F00F61A1B /* Project object */;
			proxyType = 1;
			remoteGlobalIDString = 584C12822FEFFA2000F61A1B;
			remoteInfo = QuickMart;
		};
/* End PBXContainerItemProxy section */

/* Begin PBXFileReference section */
		039B670DBA77F0404C70DCD8 /* LoginUseCase.swift */ = {isa = PBXFileReference; includeInIndex = 1; lastKnownFileType = sourcecode.swift; path = LoginUseCase.swift; sourceTree = "<group>"; };
		0B4CFA3F34C465D3BADAE0A0 /* RegisterRequestDTO.swift */ = {isa = PBXFileReference; includeInIndex = 1; lastKnownFileType = sourcecode.swift; path = RegisterRequestDTO.swift; sourceTree = "<group>"; };
		150DD8E42FF2CEE500D89DCE /* Config.xcconfig */ = {isa = PBXFileReference; lastKnownFileType = text.xcconfig; path = Config.xcconfig; sourceTree = "<group>"; };
		150DD8E82FF30C1B00D89DCE /* SessionManager.swift */ = {isa = PBXFileReference; lastKnownFileType = sourcecode.swift; path = SessionManager.swift; sourceTree = "<group>"; };
		1518E8882FF1AE47006BED1A /* GoogleService-Info.plist */ = {isa = PBXFileReference; lastKnownFileType = text.plist.xml; path = "GoogleService-Info.plist"; sourceTree = "<group>"; };
		15D4B36C2FF1F3030091D036 /* Customer.swift */ = {isa = PBXFileReference; lastKnownFileType = sourcecode.swift; path = Customer.swift; sourceTree = "<group>"; };
		15D4B36E2FF1F30B0091D036 /* AuthToken.swift */ = {isa = PBXFileReference; lastKnownFileType = sourcecode.swift; path = AuthToken.swift; sourceTree = "<group>"; };
		1A0B89A7F0D4E1F3C3BB0304 /* String+Validation.swift */ = {isa = PBXFileReference; includeInIndex = 1; lastKnownFileType = sourcecode.swift; path = "String+Validation.swift"; sourceTree = "<group>"; };
		1A25156AF2CD212F46842181 /* Apollo+NetworkError.swift */ = {isa = PBXFileReference; includeInIndex = 1; lastKnownFileType = sourcecode.swift; path = "Apollo+NetworkError.swift"; sourceTree = "<group>"; };
		1AE9EDA13CE49B1F1041FAC3 /* OnboardingView.swift */ = {isa = PBXFileReference; includeInIndex = 1; lastKnownFileType = sourcecode.swift; path = OnboardingView.swift; sourceTree = "<group>"; };
		396D59257189D40261CBC6D2 /* AuthMutations.swift */ = {isa = PBXFileReference; includeInIndex = 1; lastKnownFileType = sourcecode.swift; path = AuthMutations.swift; sourceTree = "<group>"; };
		406F3E53F719FDB38C844682 /* DIContainer+Network.swift */ = {isa = PBXFileReference; includeInIndex = 1; lastKnownFileType = sourcecode.swift; path = "DIContainer+Network.swift"; sourceTree = "<group>"; };
		435DC0C8348BC923103655F2 /* RawGraphQLClient.swift */ = {isa = PBXFileReference; includeInIndex = 1; lastKnownFileType = sourcecode.swift; path = RawGraphQLClient.swift; sourceTree = "<group>"; };
		48840F1497E4F0900AEC51E1 /* DIContainer+Auth.swift */ = {isa = PBXFileReference; includeInIndex = 1; lastKnownFileType = sourcecode.swift; path = "DIContainer+Auth.swift"; sourceTree = "<group>"; };
		57D20BE86A4B20A54AA6EA3F /* CustomLoadingView.swift */ = {isa = PBXFileReference; includeInIndex = 1; lastKnownFileType = sourcecode.swift; path = CustomLoadingView.swift; sourceTree = "<group>"; };
		584C12832FEFFA2000F61A1B /* QuickMart.app */ = {isa = PBXFileReference; explicitFileType = wrapper.application; includeInIndex = 0; path = QuickMart.app; sourceTree = BUILT_PRODUCTS_DIR; };
		584C128D2FEFFA2300F61A1B /* Preview Assets.xcassets */ = {isa = PBXFileReference; lastKnownFileType = folder.assetcatalog; path = "Preview Assets.xcassets"; sourceTree = "<group>"; };
		584C12992FEFFA2300F61A1B /* QuickMartTests.xctest */ = {isa = PBXFileReference; explicitFileType = wrapper.cfbundle; includeInIndex = 0; path = QuickMartTests.xctest; sourceTree = BUILT_PRODUCTS_DIR; };
		584C129D2FEFFA2300F61A1B /* QuickMartTests.swift */ = {isa = PBXFileReference; lastKnownFileType = sourcecode.swift; path = QuickMartTests.swift; sourceTree = "<group>"; };
		584C12A32FEFFA2400F61A1B /* QuickMartUITests.xctest */ = {isa = PBXFileReference; explicitFileType = wrapper.cfbundle; includeInIndex = 0; path = QuickMartUITests.xctest; sourceTree = BUILT_PRODUCTS_DIR; };
		584C12A72FEFFA2400F61A1B /* QuickMartUITests.swift */ = {isa = PBXFileReference; lastKnownFileType = sourcecode.swift; path = QuickMartUITests.swift; sourceTree = "<group>"; };
		584C12A92FEFFA2400F61A1B /* QuickMartUITestsLaunchTests.swift */ = {isa = PBXFileReference; lastKnownFileType = sourcecode.swift; path = QuickMartUITestsLaunchTests.swift; sourceTree = "<group>"; };
		5985C743BC269621E90D1CB3 /* Route.swift */ = {isa = PBXFileReference; includeInIndex = 1; lastKnownFileType = sourcecode.swift; path = Route.swift; sourceTree = "<group>"; };
		5FA135AA2FF168EB005F9FA6 /* LoginViewModel.swift */ = {isa = PBXFileReference; lastKnownFileType = sourcecode.swift; path = LoginViewModel.swift; sourceTree = "<group>"; };
		5FA135AC2FF168EB005F9FA6 /* LoginView.swift */ = {isa = PBXFileReference; lastKnownFileType = sourcecode.swift; path = LoginView.swift; sourceTree = "<group>"; };
		5FA135B12FF169EC005F9FA6 /* RegisterViewModel.swift */ = {isa = PBXFileReference; lastKnownFileType = sourcecode.swift; path = RegisterViewModel.swift; sourceTree = "<group>"; };
		5FA135B32FF169EC005F9FA6 /* SignupView.swift */ = {isa = PBXFileReference; lastKnownFileType = sourcecode.swift; path = SignupView.swift; sourceTree = "<group>"; };
		5FA135B82FF16AF3005F9FA6 /* CustomTextField.swift */ = {isa = PBXFileReference; lastKnownFileType = sourcecode.swift; path = CustomTextField.swift; sourceTree = "<group>"; };
		6C127E4B8B2EA37B5662334F /* RootView.swift */ = {isa = PBXFileReference; includeInIndex = 1; lastKnownFileType = sourcecode.swift; path = RootView.swift; sourceTree = "<group>"; };
		6CEF6214DE88C80686522218 /* RegisterUseCase.swift */ = {isa = PBXFileReference; includeInIndex = 1; lastKnownFileType = sourcecode.swift; path = RegisterUseCase.swift; sourceTree = "<group>"; };
		6E4A7C98EDFD3702DC235866 /* AuthRemoteDataSource.swift */ = {isa = PBXFileReference; includeInIndex = 1; lastKnownFileType = sourcecode.swift; path = AuthRemoteDataSource.swift; sourceTree = "<group>"; };
		7553ECC63FC025BF82070C77 /* AppRouter.swift */ = {isa = PBXFileReference; includeInIndex = 1; lastKnownFileType = sourcecode.swift; path = AppRouter.swift; sourceTree = "<group>"; };
		7E7E7477EA51BCBA5A046101 /* images.swift */ = {isa = PBXFileReference; includeInIndex = 1; lastKnownFileType = sourcecode.swift; path = images.swift; sourceTree = "<group>"; };
		82A14204EB0695F65E046182 /* OnboardingTopCardView.swift */ = {isa = PBXFileReference; includeInIndex = 1; lastKnownFileType = sourcecode.swift; path = OnboardingTopCardView.swift; sourceTree = "<group>"; };
		8665BB92029607964C5FDF8B /* OnboardingTextContainerView.swift */ = {isa = PBXFileReference; includeInIndex = 1; lastKnownFileType = sourcecode.swift; path = OnboardingTextContainerView.swift; sourceTree = "<group>"; };
		90DCE8A385D97C5EFE3DD83A /* AppStrings.swift */ = {isa = PBXFileReference; includeInIndex = 1; lastKnownFileType = sourcecode.swift; path = AppStrings.swift; sourceTree = "<group>"; };
		9AC0D39A7C03F2056714E13A /* AuthRepositoryImpl.swift */ = {isa = PBXFileReference; includeInIndex = 1; lastKnownFileType = sourcecode.swift; path = AuthRepositoryImpl.swift; sourceTree = "<group>"; };
		9CE31073432D446BE0CF0978 /* ShopifyConfig.swift */ = {isa = PBXFileReference; includeInIndex = 1; lastKnownFileType = sourcecode.swift; path = ShopifyConfig.swift; sourceTree = "<group>"; };
		AB407902B34A12003729580C /* RegisterResponseDTO.swift */ = {isa = PBXFileReference; includeInIndex = 1; lastKnownFileType = sourcecode.swift; path = RegisterResponseDTO.swift; sourceTree = "<group>"; };
		ABC406163828EE1731A9A68A /* UserDefaultsKeys.swift */ = {isa = PBXFileReference; includeInIndex = 1; lastKnownFileType = sourcecode.swift; path = UserDefaultsKeys.swift; sourceTree = "<group>"; };
		ABEE1E582DDC9A04B5029A9D /* NetworkError.swift */ = {isa = PBXFileReference; includeInIndex = 1; lastKnownFileType = sourcecode.swift; path = NetworkError.swift; sourceTree = "<group>"; };
		AF7A5B8BE8A25040E2309634 /* AppButton.swift */ = {isa = PBXFileReference; includeInIndex = 1; lastKnownFileType = sourcecode.swift; path = AppButton.swift; sourceTree = "<group>"; };
		CEEC02B6C8D86D9300F33FA9 /* LoginRequestDTO.swift */ = {isa = PBXFileReference; includeInIndex = 1; lastKnownFileType = sourcecode.swift; path = LoginRequestDTO.swift; sourceTree = "<group>"; };
		D412CA532FF2EA940010892E /* CategoryItem.swift */ = {isa = PBXFileReference; lastKnownFileType = sourcecode.swift; path = CategoryItem.swift; sourceTree = "<group>"; };
		D412CA552FF2EAD10010892E /* MockCategoryRepository.swift */ = {isa = PBXFileReference; lastKnownFileType = sourcecode.swift; path = MockCategoryRepository.swift; sourceTree = "<group>"; };
		D412CA572FF2EAEB0010892E /* CategoryViewModel.swift */ = {isa = PBXFileReference; lastKnownFileType = sourcecode.swift; path = CategoryViewModel.swift; sourceTree = "<group>"; };
		D412CA5A2FF2EB1F0010892E /* CategoryGridItemView.swift */ = {isa = PBXFileReference; lastKnownFileType = sourcecode.swift; path = CategoryGridItemView.swift; sourceTree = "<group>"; };
		D412CA5C2FF2EB6F0010892E /* CategoryView.swift */ = {isa = PBXFileReference; lastKnownFileType = sourcecode.swift; path = CategoryView.swift; sourceTree = "<group>"; };
		D412CA5F2FF2F1D50010892E /* FetchCategoriesUseCase.swift */ = {isa = PBXFileReference; lastKnownFileType = sourcecode.swift; path = FetchCategoriesUseCase.swift; sourceTree = "<group>"; };
		D4A91EE32FF025A9007B11D2 /* Product.swift */ = {isa = PBXFileReference; lastKnownFileType = sourcecode.swift; path = Product.swift; sourceTree = "<group>"; };
		D4A91EE52FF025A9007B11D2 /* ProductProtocol.swift */ = {isa = PBXFileReference; lastKnownFileType = sourcecode.swift; path = ProductProtocol.swift; sourceTree = "<group>"; };
		D4A91EE72FF025A9007B11D2 /* FetchProductUseCase.swift */ = {isa = PBXFileReference; lastKnownFileType = sourcecode.swift; path = FetchProductUseCase.swift; sourceTree = "<group>"; };
		D4A91EEE2FF025AE007B11D2 /* Assets.xcassets */ = {isa = PBXFileReference; lastKnownFileType = folder.assetcatalog; path = Assets.xcassets; sourceTree = "<group>"; };
		D4A91EF02FF025AE007B11D2 /* DIContainer.swift */ = {isa = PBXFileReference; lastKnownFileType = sourcecode.swift; path = DIContainer.swift; sourceTree = "<group>"; };
		D4A91EF12FF025AE007B11D2 /* QuickMart.entitlements */ = {isa = PBXFileReference; lastKnownFileType = text.plist.entitlements; path = QuickMart.entitlements; sourceTree = "<group>"; };
		D4A91EF32FF025AE007B11D2 /* QuickMartApp.swift */ = {isa = PBXFileReference; lastKnownFileType = sourcecode.swift; path = QuickMartApp.swift; sourceTree = "<group>"; };
		D4A91EF42FF025AE007B11D2 /* tempConfig.xcconfig */ = {isa = PBXFileReference; lastKnownFileType = text.xcconfig; path = tempConfig.xcconfig; sourceTree = "<group>"; };
		D4A91EF62FF025AE007B11D2 /* QuickMart.xcdatamodel */ = {isa = PBXFileReference; lastKnownFileType = wrapper.xcdatamodel; path = QuickMart.xcdatamodel; sourceTree = "<group>"; };
		D4A91EFE2FF025B9007B11D2 /* LocalDataSource.swift */ = {isa = PBXFileReference; lastKnownFileType = sourcecode.swift; path = LocalDataSource.swift; sourceTree = "<group>"; };
		D4A91F002FF025B9007B11D2 /* RemoteDataSource.swift */ = {isa = PBXFileReference; lastKnownFileType = sourcecode.swift; path = RemoteDataSource.swift; sourceTree = "<group>"; };
		D4A91F032FF025B9007B11D2 /* ProductDTO.swift */ = {isa = PBXFileReference; lastKnownFileType = sourcecode.swift; path = ProductDTO.swift; sourceTree = "<group>"; };
		D4A91F052FF025B9007B11D2 /* ProductRepository.swift */ = {isa = PBXFileReference; lastKnownFileType = sourcecode.swift; path = ProductRepository.swift; sourceTree = "<group>"; };
		D4A91F0E2FF025BF007B11D2 /* View+Shimmer.swift */ = {isa = PBXFileReference; lastKnownFileType = sourcecode.swift; path = "View+Shimmer.swift"; sourceTree = "<group>"; };
		D4A91F112FF025BF007B11D2 /* NetworkService.swift */ = {isa = PBXFileReference; lastKnownFileType = sourcecode.swift; path = NetworkService.swift; sourceTree = "<group>"; };
		D4A91F132FF025BF007B11D2 /* Formatter.swift */ = {isa = PBXFileReference; lastKnownFileType = sourcecode.swift; path = Formatter.swift; sourceTree = "<group>"; };
		D4A91F1A2FF0297C007B11D2 /* ShopifyGraphQLClientProtocol.swift */ = {isa = PBXFileReference; lastKnownFileType = sourcecode.swift; path = ShopifyGraphQLClientProtocol.swift; sourceTree = "<group>"; };
		D4D1B8082FEFDF650082FE02 /* Info.plist */ = {isa = PBXFileReference; lastKnownFileType = text.plist; path = Info.plist; sourceTree = "<group>"; };
		D676201016FCACC6E578BECA /* AppTextStyle.swift */ = {isa = PBXFileReference; includeInIndex = 1; lastKnownFileType = sourcecode.swift; path = AppTextStyle.swift; sourceTree = "<group>"; };
		E449E3371C690013C22FFECF /* color.swift */ = {isa = PBXFileReference; includeInIndex = 1; lastKnownFileType = sourcecode.swift; path = color.swift; sourceTree = "<group>"; };
		F11684F704246EE1B731ABEA /* AppConstants.swift */ = {isa = PBXFileReference; includeInIndex = 1; lastKnownFileType = sourcecode.swift; path = AppConstants.swift; sourceTree = "<group>"; };
		F2644DF2E68D26A3DFF6FB4D /* Network.swift */ = {isa = PBXFileReference; includeInIndex = 1; lastKnownFileType = sourcecode.swift; path = Network.swift; sourceTree = "<group>"; };
		F45CCB23672A7E1B9F37B9C5 /* AuthRepositoryProtocol.swift */ = {isa = PBXFileReference; includeInIndex = 1; lastKnownFileType = sourcecode.swift; path = AuthRepositoryProtocol.swift; sourceTree = "<group>"; };
		F4D6D05E3D4FF19300607EC7 /* LoginResponseDTO.swift */ = {isa = PBXFileReference; includeInIndex = 1; lastKnownFileType = sourcecode.swift; path = LoginResponseDTO.swift; sourceTree = "<group>"; };
		FDFF40E7CEED51AE00537F4C /* OnboardingBottomActionView.swift */ = {isa = PBXFileReference; includeInIndex = 1; lastKnownFileType = sourcecode.swift; path = OnboardingBottomActionView.swift; sourceTree = "<group>"; };
/* End PBXFileReference section */

/* Begin PBXFrameworksBuildPhase section */
		584C12802FEFFA2000F61A1B /* Frameworks */ = {
			isa = PBXFrameworksBuildPhase;
			buildActionMask = 2147483647;
			files = (
				DE8BD1A22FF1945D00666E5D /* FirebaseCore in Frameworks */,
				D412CA4A2FF2E2560010892E /* Apollo in Frameworks */,
				D412CA472FF2E1DB0010892E /* FirebaseCore in Frameworks */,
				1518E88C2FF1B5A3006BED1A /* Apollo in Frameworks */,
				DE8BD1A02FF1945D00666E5D /* FirebaseAuth in Frameworks */,
				D412CA452FF2E1DB0010892E /* FirebaseAuth in Frameworks */,
			);
			runOnlyForDeploymentPostprocessing = 0;
		};
		584C12962FEFFA2300F61A1B /* Frameworks */ = {
			isa = PBXFrameworksBuildPhase;
			buildActionMask = 2147483647;
			files = (
			);
			runOnlyForDeploymentPostprocessing = 0;
		};
		584C12A02FEFFA2400F61A1B /* Frameworks */ = {
			isa = PBXFrameworksBuildPhase;
			buildActionMask = 2147483647;
			files = (
			);
			runOnlyForDeploymentPostprocessing = 0;
		};
/* End PBXFrameworksBuildPhase section */

/* Begin PBXGroup section */
		176EBF081614985AB907B523 /* Repositories */ = {
			isa = PBXGroup;
			children = (
				9AC0D39A7C03F2056714E13A /* AuthRepositoryImpl.swift */,
			);
			path = Repositories;
			sourceTree = "<group>";
		};
		1DC7BA4F35625856F6CCA8F5 /* Data */ = {
			isa = PBXGroup;
			children = (
				5A78B06657B21223C0ABBE7F /* DataSources */,
				EC28505D5B8EDE524FBBF4F6 /* DTOs */,
				176EBF081614985AB907B523 /* Repositories */,
			);
			path = Data;
			sourceTree = "<group>";
		};
		2713FAB5D66D903311E7CB7A /* theme */ = {
			isa = PBXGroup;
			children = (
				D676201016FCACC6E578BECA /* AppTextStyle.swift */,
				E449E3371C690013C22FFECF /* color.swift */,
			);
			path = theme;
			sourceTree = "<group>";
		};
		327761A5D253E526802E0F7E /* Repositories */ = {
			isa = PBXGroup;
			children = (
				F45CCB23672A7E1B9F37B9C5 /* AuthRepositoryProtocol.swift */,
			);
			path = Repositories;
			sourceTree = "<group>";
		};
		3F3A17423400352EE053FFD1 /* Route */ = {
			isa = PBXGroup;
			children = (
				5985C743BC269621E90D1CB3 /* Route.swift */,
				7553ECC63FC025BF82070C77 /* AppRouter.swift */,
			);
			path = Route;
			sourceTree = "<group>";
		};
		455AFC5E9CD4988B22D0081A /* Views */ = {
			isa = PBXGroup;
			children = (
				1AE9EDA13CE49B1F1041FAC3 /* OnboardingView.swift */,
			);
			path = Views;
			sourceTree = "<group>";
		};
		489F77F3FD94E054576B4E45 /* DI */ = {
			isa = PBXGroup;
			children = (
				D4A91EF02FF025AE007B11D2 /* DIContainer.swift */,
				406F3E53F719FDB38C844682 /* DIContainer+Network.swift */,
				48840F1497E4F0900AEC51E1 /* DIContainer+Auth.swift */,
			);
			path = DI;
			sourceTree = "<group>";
		};
		584C127A2FEFFA1F00F61A1B = {
			isa = PBXGroup;
			children = (
				584C12852FEFFA2000F61A1B /* QuickMart */,
				584C129C2FEFFA2300F61A1B /* QuickMartTests */,
				584C12A62FEFFA2400F61A1B /* QuickMartUITests */,
				584C12842FEFFA2000F61A1B /* Products */,
			);
			sourceTree = "<group>";
		};
		584C12842FEFFA2000F61A1B /* Products */ = {
			isa = PBXGroup;
			children = (
				584C12832FEFFA2000F61A1B /* QuickMart.app */,
				584C12992FEFFA2300F61A1B /* QuickMartTests.xctest */,
				584C12A32FEFFA2400F61A1B /* QuickMartUITests.xctest */,
			);
			name = Products;
			sourceTree = "<group>";
		};
		584C12852FEFFA2000F61A1B /* QuickMart */ = {
			isa = PBXGroup;
			children = (
				D4D1B8082FEFDF650082FE02 /* Info.plist */,
				D4A91EDE2FF0259B007B11D2 /* Presentation */,
				D4A91EE92FF025A9007B11D2 /* Domain */,
				D4A91EF52FF025AE007B11D2 /* App */,
				D4A91F082FF025B9007B11D2 /* Data */,
				D4A91F152FF025BF007B11D2 /* Core */,
				584C128C2FEFFA2300F61A1B /* Preview Content */,
				1518E8882FF1AE47006BED1A /* GoogleService-Info.plist */,
			);
			path = QuickMart;
			sourceTree = "<group>";
		};
		584C128C2FEFFA2300F61A1B /* Preview Content */ = {
			isa = PBXGroup;
			children = (
				584C128D2FEFFA2300F61A1B /* Preview Assets.xcassets */,
			);
			path = "Preview Content";
			sourceTree = "<group>";
		};
		584C129C2FEFFA2300F61A1B /* QuickMartTests */ = {
			isa = PBXGroup;
			children = (
				584C129D2FEFFA2300F61A1B /* QuickMartTests.swift */,
			);
			path = QuickMartTests;
			sourceTree = "<group>";
		};
		584C12A62FEFFA2400F61A1B /* QuickMartUITests */ = {
			isa = PBXGroup;
			children = (
				584C12A72FEFFA2400F61A1B /* QuickMartUITests.swift */,
				584C12A92FEFFA2400F61A1B /* QuickMartUITestsLaunchTests.swift */,
			);
			path = QuickMartUITests;
			sourceTree = "<group>";
		};
		5A78B06657B21223C0ABBE7F /* DataSources */ = {
			isa = PBXGroup;
			children = (
				396D59257189D40261CBC6D2 /* AuthMutations.swift */,
				6E4A7C98EDFD3702DC235866 /* AuthRemoteDataSource.swift */,
			);
			path = DataSources;
			sourceTree = "<group>";
		};
		5FA135AB2FF168EB005F9FA6 /* ViewModels */ = {
			isa = PBXGroup;
			children = (
				5FA135AA2FF168EB005F9FA6 /* LoginViewModel.swift */,
			);
			path = ViewModels;
			sourceTree = "<group>";
		};
		5FA135AD2FF168EB005F9FA6 /* Views */ = {
			isa = PBXGroup;
			children = (
				5FA135AC2FF168EB005F9FA6 /* LoginView.swift */,
			);
			path = Views;
			sourceTree = "<group>";
		};
		5FA135AE2FF168EB005F9FA6 /* Login */ = {
			isa = PBXGroup;
			children = (
				5FA135AB2FF168EB005F9FA6 /* ViewModels */,
				5FA135AD2FF168EB005F9FA6 /* Views */,
			);
			path = Login;
			sourceTree = "<group>";
		};
		5FA135B22FF169EC005F9FA6 /* ViewModels */ = {
			isa = PBXGroup;
			children = (
				5FA135B12FF169EC005F9FA6 /* RegisterViewModel.swift */,
			);
			path = ViewModels;
			sourceTree = "<group>";
		};
		5FA135B42FF169EC005F9FA6 /* Views */ = {
			isa = PBXGroup;
			children = (
				5FA135B32FF169EC005F9FA6 /* SignupView.swift */,
			);
			path = Views;
			sourceTree = "<group>";
		};
		5FA135B52FF169EC005F9FA6 /* Register */ = {
			isa = PBXGroup;
			children = (
				5FA135B22FF169EC005F9FA6 /* ViewModels */,
				5FA135B42FF169EC005F9FA6 /* Views */,
			);
			path = Register;
			sourceTree = "<group>";
		};
		636B4946720853956C6B8F8C /* Components */ = {
			isa = PBXGroup;
			children = (
				AF7A5B8BE8A25040E2309634 /* AppButton.swift */,
				5FA135B82FF16AF3005F9FA6 /* CustomTextField.swift */,
				57D20BE86A4B20A54AA6EA3F /* CustomLoadingView.swift */,
			);
			path = Components;
			sourceTree = "<group>";
		};
		866CE28AC79BEEEC9CC02517 /* Entities */ = {
			isa = PBXGroup;
			children = (
				15D4B36E2FF1F30B0091D036 /* AuthToken.swift */,
				15D4B36C2FF1F3030091D036 /* Customer.swift */,
			);
			path = Entities;
			sourceTree = "<group>";
		};
		8B0D39F42156A7D747DA7444 /* Domain */ = {
			isa = PBXGroup;
			children = (
				866CE28AC79BEEEC9CC02517 /* Entities */,
				327761A5D253E526802E0F7E /* Repositories */,
				8D7334D6EAFF786E5B63516D /* UseCases */,
			);
			path = Domain;
			sourceTree = "<group>";
		};
		8D7334D6EAFF786E5B63516D /* UseCases */ = {
			isa = PBXGroup;
			children = (
				039B670DBA77F0404C70DCD8 /* LoginUseCase.swift */,
				6CEF6214DE88C80686522218 /* RegisterUseCase.swift */,
			);
			path = UseCases;
			sourceTree = "<group>";
		};
		9ECDF3B07B764516B43BA710 /* Components */ = {
			isa = PBXGroup;
			children = (
				FDFF40E7CEED51AE00537F4C /* OnboardingBottomActionView.swift */,
				8665BB92029607964C5FDF8B /* OnboardingTextContainerView.swift */,
				82A14204EB0695F65E046182 /* OnboardingTopCardView.swift */,
			);
			path = Components;
			sourceTree = "<group>";
		};
		C519C718EDEE31B4F261B340 /* Onboarding */ = {
			isa = PBXGroup;
			children = (
				9ECDF3B07B764516B43BA710 /* Components */,
				455AFC5E9CD4988B22D0081A /* Views */,
			);
			path = Onboarding;
			sourceTree = "<group>";
		};
		D412CA4B2FF2E4AF0010892E /* Category */ = {
			isa = PBXGroup;
			children = (
				D412CA4E2FF2E4DF0010892E /* Data */,
				D412CA4D2FF2E4D90010892E /* Domain */,
				D412CA4C2FF2E4C80010892E /* Presentation */,
			);
			path = Category;
			sourceTree = "<group>";
		};
		D412CA4C2FF2E4C80010892E /* Presentation */ = {
			isa = PBXGroup;
			children = (
				D412CA502FF2E8920010892E /* ViewModels */,
				D412CA4F2FF2E88B0010892E /* Views */,
			);
			path = Presentation;
			sourceTree = "<group>";
		};
		D412CA4D2FF2E4D90010892E /* Domain */ = {
			isa = PBXGroup;
			children = (
				D412CA5E2FF2F1CC0010892E /* UseCases */,
				D412CA512FF2EA820010892E /* Models */,
			);
			path = Domain;
			sourceTree = "<group>";
		};
		D412CA4E2FF2E4DF0010892E /* Data */ = {
			isa = PBXGroup;
			children = (
				D412CA552FF2EAD10010892E /* MockCategoryRepository.swift */,
			);
			path = Data;
			sourceTree = "<group>";
		};
		D412CA4F2FF2E88B0010892E /* Views */ = {
			isa = PBXGroup;
			children = (
				D412CA5C2FF2EB6F0010892E /* CategoryView.swift */,
				D412CA592FF2EB120010892E /* Components */,
			);
			path = Views;
			sourceTree = "<group>";
		};
		D412CA502FF2E8920010892E /* ViewModels */ = {
			isa = PBXGroup;
			children = (
				D412CA572FF2EAEB0010892E /* CategoryViewModel.swift */,
			);
			path = ViewModels;
			sourceTree = "<group>";
		};
		D412CA512FF2EA820010892E /* Models */ = {
			isa = PBXGroup;
			children = (
				D412CA532FF2EA940010892E /* CategoryItem.swift */,
			);
			path = Models;
			sourceTree = "<group>";
		};
		D412CA592FF2EB120010892E /* Components */ = {
			isa = PBXGroup;
			children = (
				D412CA5A2FF2EB1F0010892E /* CategoryGridItemView.swift */,
			);
			path = Components;
			sourceTree = "<group>";
		};
		D412CA5E2FF2F1CC0010892E /* UseCases */ = {
			isa = PBXGroup;
			children = (
				D412CA5F2FF2F1D50010892E /* FetchCategoriesUseCase.swift */,
			);
			path = UseCases;
			sourceTree = "<group>";
		};
		D4A91EDB2FF0259B007B11D2 /* Authentication */ = {
			isa = PBXGroup;
			children = (
				DBDEB75BAD5FB72528BC59F1 /* Presentation */,
				1DC7BA4F35625856F6CCA8F5 /* Data */,
				8B0D39F42156A7D747DA7444 /* Domain */,
			);
			path = Authentication;
			sourceTree = "<group>";
		};
		D4A91EDE2FF0259B007B11D2 /* Presentation */ = {
			isa = PBXGroup;
			children = (
				D412CA4B2FF2E4AF0010892E /* Category */,
				D4A91EDB2FF0259B007B11D2 /* Authentication */,
				C519C718EDEE31B4F261B340 /* Onboarding */,
			);
			path = Presentation;
			sourceTree = "<group>";
		};
		D4A91EE42FF025A9007B11D2 /* Entities */ = {
			isa = PBXGroup;
			children = (
				D4A91EE32FF025A9007B11D2 /* Product.swift */,
			);
			path = Entities;
			sourceTree = "<group>";
		};
		D4A91EE62FF025A9007B11D2 /* Protocols */ = {
			isa = PBXGroup;
			children = (
				D4A91EE52FF025A9007B11D2 /* ProductProtocol.swift */,
			);
			path = Protocols;
			sourceTree = "<group>";
		};
		D4A91EE82FF025A9007B11D2 /* Usecases */ = {
			isa = PBXGroup;
			children = (
				D4A91EE72FF025A9007B11D2 /* FetchProductUseCase.swift */,
			);
			path = Usecases;
			sourceTree = "<group>";
		};
		D4A91EE92FF025A9007B11D2 /* Domain */ = {
			isa = PBXGroup;
			children = (
				D4A91EE42FF025A9007B11D2 /* Entities */,
				D4A91EE62FF025A9007B11D2 /* Protocols */,
				D4A91EE82FF025A9007B11D2 /* Usecases */,
			);
			path = Domain;
			sourceTree = "<group>";
		};
		D4A91EF52FF025AE007B11D2 /* App */ = {
			isa = PBXGroup;
			children = (
				D4A91EEE2FF025AE007B11D2 /* Assets.xcassets */,
				D4A91EF12FF025AE007B11D2 /* QuickMart.entitlements */,
				D4A91EF22FF025AE007B11D2 /* QuickMart.xcdatamodeld */,
				D4A91EF32FF025AE007B11D2 /* QuickMartApp.swift */,
				D4A91EF42FF025AE007B11D2 /* tempConfig.xcconfig */,
				6C127E4B8B2EA37B5662334F /* RootView.swift */,
				150DD8E42FF2CEE500D89DCE /* Config.xcconfig */,
			);
			path = App;
			sourceTree = "<group>";
		};
		D4A91EFF2FF025B9007B11D2 /* Local */ = {
			isa = PBXGroup;
			children = (
				D4A91EFE2FF025B9007B11D2 /* LocalDataSource.swift */,
			);
			path = Local;
			sourceTree = "<group>";
		};
		D4A91F012FF025B9007B11D2 /* Remote */ = {
			isa = PBXGroup;
			children = (
				D4A91F002FF025B9007B11D2 /* RemoteDataSource.swift */,
			);
			path = Remote;
			sourceTree = "<group>";
		};
		D4A91F022FF025B9007B11D2 /* DataSources */ = {
			isa = PBXGroup;
			children = (
				D4A91EFF2FF025B9007B11D2 /* Local */,
				D4A91F012FF025B9007B11D2 /* Remote */,
			);
			path = DataSources;
			sourceTree = "<group>";
		};
		D4A91F042FF025B9007B11D2 /* Models */ = {
			isa = PBXGroup;
			children = (
				D4A91F032FF025B9007B11D2 /* ProductDTO.swift */,
			);
			path = Models;
			sourceTree = "<group>";
		};
		D4A91F062FF025B9007B11D2 /* Repositories */ = {
			isa = PBXGroup;
			children = (
				D4A91F052FF025B9007B11D2 /* ProductRepository.swift */,
			);
			path = Repositories;
			sourceTree = "<group>";
		};
		D4A91F082FF025B9007B11D2 /* Data */ = {
			isa = PBXGroup;
			children = (
				D4A91F022FF025B9007B11D2 /* DataSources */,
				D4A91F042FF025B9007B11D2 /* Models */,
				D4A91F062FF025B9007B11D2 /* Repositories */,
			);
			path = Data;
			sourceTree = "<group>";
		};
		D4A91F0F2FF025BF007B11D2 /* Extensions */ = {
			isa = PBXGroup;
			children = (
				D4A91F0E2FF025BF007B11D2 /* View+Shimmer.swift */,
			);
			path = Extensions;
			sourceTree = "<group>";
		};
		D4A91F122FF025BF007B11D2 /* Network */ = {
			isa = PBXGroup;
			children = (
				D4A91F1A2FF0297C007B11D2 /* ShopifyGraphQLClientProtocol.swift */,
				D4A91F112FF025BF007B11D2 /* NetworkService.swift */,
				9CE31073432D446BE0CF0978 /* ShopifyConfig.swift */,
				F2644DF2E68D26A3DFF6FB4D /* Network.swift */,
				ABEE1E582DDC9A04B5029A9D /* NetworkError.swift */,
				1A25156AF2CD212F46842181 /* Apollo+NetworkError.swift */,
				435DC0C8348BC923103655F2 /* RawGraphQLClient.swift */,
			);
			path = Network;
			sourceTree = "<group>";
		};
		D4A91F142FF025BF007B11D2 /* Utilities */ = {
			isa = PBXGroup;
			children = (
				D4A91F132FF025BF007B11D2 /* Formatter.swift */,
				F11684F704246EE1B731ABEA /* AppConstants.swift */,
				ABC406163828EE1731A9A68A /* UserDefaultsKeys.swift */,
				7E7E7477EA51BCBA5A046101 /* images.swift */,
				90DCE8A385D97C5EFE3DD83A /* AppStrings.swift */,
				1A0B89A7F0D4E1F3C3BB0304 /* String+Validation.swift */,
				150DD8E82FF30C1B00D89DCE /* SessionManager.swift */,
			);
			path = Utilities;
			sourceTree = "<group>";
		};
		D4A91F152FF025BF007B11D2 /* Core */ = {
			isa = PBXGroup;
			children = (
				D4A91F0F2FF025BF007B11D2 /* Extensions */,
				D4A91F122FF025BF007B11D2 /* Network */,
				D4A91F142FF025BF007B11D2 /* Utilities */,
				636B4946720853956C6B8F8C /* Components */,
				2713FAB5D66D903311E7CB7A /* theme */,
				3F3A17423400352EE053FFD1 /* Route */,
				489F77F3FD94E054576B4E45 /* DI */,
			);
			path = Core;
			sourceTree = "<group>";
		};
		DBDEB75BAD5FB72528BC59F1 /* Presentation */ = {
			isa = PBXGroup;
			children = (
				5FA135AE2FF168EB005F9FA6 /* Login */,
				5FA135B52FF169EC005F9FA6 /* Register */,
			);
			path = Presentation;
			sourceTree = "<group>";
		};
		EC28505D5B8EDE524FBBF4F6 /* DTOs */ = {
			isa = PBXGroup;
			children = (
				0B4CFA3F34C465D3BADAE0A0 /* RegisterRequestDTO.swift */,
				CEEC02B6C8D86D9300F33FA9 /* LoginRequestDTO.swift */,
				AB407902B34A12003729580C /* RegisterResponseDTO.swift */,
				F4D6D05E3D4FF19300607EC7 /* LoginResponseDTO.swift */,
			);
			path = DTOs;
			sourceTree = "<group>";
		};
/* End PBXGroup section */

/* Begin PBXNativeTarget section */
		584C12822FEFFA2000F61A1B /* QuickMart */ = {
			isa = PBXNativeTarget;
			buildConfigurationList = 584C12AD2FEFFA2400F61A1B /* Build configuration list for PBXNativeTarget "QuickMart" */;
			buildPhases = (
				584C127F2FEFFA2000F61A1B /* Sources */,
				584C12802FEFFA2000F61A1B /* Frameworks */,
				584C12812FEFFA2000F61A1B /* Resources */,
			);
			buildRules = (
			);
			dependencies = (
			);
			name = QuickMart;
			productName = QuickMart;
			productReference = 584C12832FEFFA2000F61A1B /* QuickMart.app */;
			productType = "com.apple.product-type.application";
		};
		584C12982FEFFA2300F61A1B /* QuickMartTests */ = {
			isa = PBXNativeTarget;
			buildConfigurationList = 584C12B02FEFFA2400F61A1B /* Build configuration list for PBXNativeTarget "QuickMartTests" */;
			buildPhases = (
				584C12952FEFFA2300F61A1B /* Sources */,
				584C12962FEFFA2300F61A1B /* Frameworks */,
				584C12972FEFFA2300F61A1B /* Resources */,
			);
			buildRules = (
			);
			dependencies = (
				584C129B2FEFFA2300F61A1B /* PBXTargetDependency */,
			);
			name = QuickMartTests;
			productName = QuickMartTests;
			productReference = 584C12992FEFFA2300F61A1B /* QuickMartTests.xctest */;
			productType = "com.apple.product-type.bundle.unit-test";
		};
		584C12A22FEFFA2400F61A1B /* QuickMartUITests */ = {
			isa = PBXNativeTarget;
			buildConfigurationList = 584C12B32FEFFA2400F61A1B /* Build configuration list for PBXNativeTarget "QuickMartUITests" */;
			buildPhases = (
				584C129F2FEFFA2400F61A1B /* Sources */,
				584C12A02FEFFA2400F61A1B /* Frameworks */,
				584C12A12FEFFA2400F61A1B /* Resources */,
			);
			buildRules = (
			);
			dependencies = (
				584C12A52FEFFA2400F61A1B /* PBXTargetDependency */,
			);
			name = QuickMartUITests;
			productName = QuickMartUITests;
			productReference = 584C12A32FEFFA2400F61A1B /* QuickMartUITests.xctest */;
			productType = "com.apple.product-type.bundle.ui-testing";
		};
/* End PBXNativeTarget section */

/* Begin PBXProject section */
		584C127B2FEFFA1F00F61A1B /* Project object */ = {
			isa = PBXProject;
			attributes = {
				BuildIndependentTargetsInParallel = 1;
				LastSwiftUpdateCheck = 1320;
				LastUpgradeCheck = 1320;
				TargetAttributes = {
					584C12822FEFFA2000F61A1B = {
						CreatedOnToolsVersion = 13.2.1;
					};
					584C12982FEFFA2300F61A1B = {
						CreatedOnToolsVersion = 13.2.1;
						TestTargetID = 584C12822FEFFA2000F61A1B;
					};
					584C12A22FEFFA2400F61A1B = {
						CreatedOnToolsVersion = 13.2.1;
						TestTargetID = 584C12822FEFFA2000F61A1B;
					};
				};
			};
			buildConfigurationList = 584C127E2FEFFA1F00F61A1B /* Build configuration list for PBXProject "QuickMart" */;
			compatibilityVersion = "Xcode 13.0";
			developmentRegion = en;
			hasScannedForEncodings = 0;
			knownRegions = (
				en,
				Base,
			);
			mainGroup = 584C127A2FEFFA1F00F61A1B;
			packageReferences = (
				D412CA432FF2E1DB0010892E /* XCRemoteSwiftPackageReference "firebase-ios-sdk" */,
				D412CA482FF2E2560010892E /* XCRemoteSwiftPackageReference "apollo-ios" */,
			);
			productRefGroup = 584C12842FEFFA2000F61A1B /* Products */;
			projectDirPath = "";
			projectRoot = "";
			targets = (
				584C12822FEFFA2000F61A1B /* QuickMart */,
				584C12982FEFFA2300F61A1B /* QuickMartTests */,
				584C12A22FEFFA2400F61A1B /* QuickMartUITests */,
			);
		};
/* End PBXProject section */

/* Begin PBXResourcesBuildPhase section */
		584C12812FEFFA2000F61A1B /* Resources */ = {
			isa = PBXResourcesBuildPhase;
			buildActionMask = 2147483647;
			files = (
				D4A91EFB2FF025AE007B11D2 /* Assets.xcassets in Resources */,
				D4A91EFD2FF025AE007B11D2 /* tempConfig.xcconfig in Resources */,
				584C128E2FEFFA2300F61A1B /* Preview Assets.xcassets in Resources */,
				1518E8892FF1AE47006BED1A /* GoogleService-Info.plist in Resources */,
			);
			runOnlyForDeploymentPostprocessing = 0;
		};
		584C12972FEFFA2300F61A1B /* Resources */ = {
			isa = PBXResourcesBuildPhase;
			buildActionMask = 2147483647;
			files = (
			);
			runOnlyForDeploymentPostprocessing = 0;
		};
		584C12A12FEFFA2400F61A1B /* Resources */ = {
			isa = PBXResourcesBuildPhase;
			buildActionMask = 2147483647;
			files = (
			);
			runOnlyForDeploymentPostprocessing = 0;
		};
/* End PBXResourcesBuildPhase section */

/* Begin PBXSourcesBuildPhase section */
		584C127F2FEFFA2000F61A1B /* Sources */ = {
			isa = PBXSourcesBuildPhase;
			buildActionMask = 2147483647;
			files = (
				D4A91F162FF025BF007B11D2 /* View+Shimmer.swift in Sources */,
				D4A91F182FF025BF007B11D2 /* NetworkService.swift in Sources */,
				D4A91F1B2FF0297D007B11D2 /* ShopifyGraphQLClientProtocol.swift in Sources */,
				15D4B36F2FF1F30B0091D036 /* AuthToken.swift in Sources */,
				D4A91F192FF025BF007B11D2 /* Formatter.swift in Sources */,
				D4A91EF82FF025AE007B11D2 /* DIContainer.swift in Sources */,
				D4A91F092FF025B9007B11D2 /* LocalDataSource.swift in Sources */,
				D4A91F0A2FF025B9007B11D2 /* RemoteDataSource.swift in Sources */,
				D4A91F0B2FF025B9007B11D2 /* ProductDTO.swift in Sources */,
				D4A91F0C2FF025B9007B11D2 /* ProductRepository.swift in Sources */,
				D412CA582FF2EAF60010892E /* CategoryViewModel.swift in Sources */,
				D4A91EF92FF025AE007B11D2 /* QuickMart.xcdatamodeld in Sources */,
				D4A91EFA2FF025AE007B11D2 /* QuickMartApp.swift in Sources */,
				5FA135B92FF16AF3005F9FA6 /* CustomTextField.swift in Sources */,
				5FA135AF2FF168EB005F9FA6 /* LoginViewModel.swift in Sources */,
				5FA135B02FF168EB005F9FA6 /* LoginView.swift in Sources */,
				D4A91EEA2FF025A9007B11D2 /* Product.swift in Sources */,
				D4A91EEB2FF025A9007B11D2 /* ProductProtocol.swift in Sources */,
				D4A91EEC2FF025A9007B11D2 /* FetchProductUseCase.swift in Sources */,
				5FA135B62FF169EC005F9FA6 /* RegisterViewModel.swift in Sources */,
				5FA135B72FF169EC005F9FA6 /* SignupView.swift in Sources */,
				853152CBDF5201C8DE9B0949 /* RootView.swift in Sources */,
				49E07C1824415F2404D0613D /* AppButton.swift in Sources */,
				F43EB64763B4F93291DD6D89 /* AppConstants.swift in Sources */,
				D412CA562FF2EAD40010892E /* MockCategoryRepository.swift in Sources */,
				9F40D156A75B82DFBE7AD533 /* UserDefaultsKeys.swift in Sources */,
				DB485DB7F1E08F3D6FC59A88 /* images.swift in Sources */,
				D412CA5B2FF2EB220010892E /* CategoryGridItemView.swift in Sources */,
				F39367A71C7937F3D59CEB11 /* AppTextStyle.swift in Sources */,
				DFCA6316A229031D81765A74 /* color.swift in Sources */,
				BC43438CFEB6647875F94D0E /* OnboardingBottomActionView.swift in Sources */,
				261A5B2B394AB22A645F271E /* OnboardingTextContainerView.swift in Sources */,
				C921832A67FB45E399B37411 /* OnboardingTopCardView.swift in Sources */,
				D412CA5D2FF2EB720010892E /* CategoryView.swift in Sources */,
				150DD8E92FF30C1B00D89DCE /* SessionManager.swift in Sources */,
				B14B93AABAA3BEC3D701CCF7 /* OnboardingView.swift in Sources */,
				65265A0AFEAF7DFAAB6F8C88 /* Route.swift in Sources */,
				AA2579AC9026EF9EF3A6CB50 /* AppRouter.swift in Sources */,
				B9EC8BA9D39C1EA1B2DC31BF /* AppStrings.swift in Sources */,
				7A7BE68B58B207DEA8C8D97B /* ShopifyConfig.swift in Sources */,
				73AA1E6E9B929EE18BF160AA /* Network.swift in Sources */,
				15D4B36D2FF1F3030091D036 /* Customer.swift in Sources */,
				7DCAF82AC266DA8713B88BCA /* NetworkError.swift in Sources */,
				57EB4E515FDAFAD064E4EC86 /* Apollo+NetworkError.swift in Sources */,
				FE0BEFD3C89E6C9FD7673A62 /* DIContainer+Network.swift in Sources */,
				E1587796B27C00AD71CFA171 /* DIContainer+Auth.swift in Sources */,
				B6FF4B0613B9FEA34103DC60 /* AuthMutations.swift in Sources */,
				C858FCC936287DB11AE1F1A5 /* AuthRepositoryProtocol.swift in Sources */,
				AE28836E3A00924BD327C1C5 /* LoginUseCase.swift in Sources */,
				D412CA602FF2F1D80010892E /* FetchCategoriesUseCase.swift in Sources */,
				3909DB3BC9483E30F31E8559 /* RegisterUseCase.swift in Sources */,
				3A46263D22695CB387577F8E /* AuthRemoteDataSource.swift in Sources */,
				3D398B032F8E3A52DA9CA904 /* AuthRepositoryImpl.swift in Sources */,
				2922EB9A63A8C99A9CA2B01C /* RawGraphQLClient.swift in Sources */,
				6DB926588223269EDEFE4C83 /* RegisterRequestDTO.swift in Sources */,
				992D6DAC238046E366A7EBBE /* LoginRequestDTO.swift in Sources */,
				DE047EC35CF252B5A89CE785 /* RegisterResponseDTO.swift in Sources */,
				1C494194884F29089BC26E72 /* LoginResponseDTO.swift in Sources */,
				BFFB154A5B878704916D544C /* CustomLoadingView.swift in Sources */,
				D412CA542FF2EA9A0010892E /* CategoryItem.swift in Sources */,
				98B60399B78AA82923551283 /* String+Validation.swift in Sources */,
			);
			runOnlyForDeploymentPostprocessing = 0;
		};
		584C12952FEFFA2300F61A1B /* Sources */ = {
			isa = PBXSourcesBuildPhase;
			buildActionMask = 2147483647;
			files = (
				584C129E2FEFFA2300F61A1B /* QuickMartTests.swift in Sources */,
			);
			runOnlyForDeploymentPostprocessing = 0;
		};
		584C129F2FEFFA2400F61A1B /* Sources */ = {
			isa = PBXSourcesBuildPhase;
			buildActionMask = 2147483647;
			files = (
				584C12AA2FEFFA2400F61A1B /* QuickMartUITestsLaunchTests.swift in Sources */,
				584C12A82FEFFA2400F61A1B /* QuickMartUITests.swift in Sources */,
			);
			runOnlyForDeploymentPostprocessing = 0;
		};
/* End PBXSourcesBuildPhase section */

/* Begin PBXTargetDependency section */
		584C129B2FEFFA2300F61A1B /* PBXTargetDependency */ = {
			isa = PBXTargetDependency;
			target = 584C12822FEFFA2000F61A1B /* QuickMart */;
			targetProxy = 584C129A2FEFFA2300F61A1B /* PBXContainerItemProxy */;
		};
		584C12A52FEFFA2400F61A1B /* PBXTargetDependency */ = {
			isa = PBXTargetDependency;
			target = 584C12822FEFFA2000F61A1B /* QuickMart */;
			targetProxy = 584C12A42FEFFA2400F61A1B /* PBXContainerItemProxy */;
		};
/* End PBXTargetDependency section */

/* Begin XCBuildConfiguration section */
		584C12AB2FEFFA2400F61A1B /* Debug */ = {
			isa = XCBuildConfiguration;
			baseConfigurationReference = 150DD8E42FF2CEE500D89DCE /* Config.xcconfig */;
			buildSettings = {
				ALWAYS_SEARCH_USER_PATHS = NO;
				CLANG_ANALYZER_NONNULL = YES;
				CLANG_ANALYZER_NUMBER_OBJECT_CONVERSION = YES_AGGRESSIVE;
				CLANG_CXX_LANGUAGE_STANDARD = "gnu++17";
				CLANG_CXX_LIBRARY = "libc++";
				CLANG_ENABLE_MODULES = YES;
				CLANG_ENABLE_OBJC_ARC = YES;
				CLANG_ENABLE_OBJC_WEAK = YES;
				CLANG_WARN_BLOCK_CAPTURE_AUTORELEASING = YES;
				CLANG_WARN_BOOL_CONVERSION = YES;
				CLANG_WARN_COMMA = YES;
				CLANG_WARN_CONSTANT_CONVERSION = YES;
				CLANG_WARN_DEPRECATED_OBJC_IMPLEMENTATIONS = YES;
				CLANG_WARN_DIRECT_OBJC_ISA_USAGE = YES_ERROR;
				CLANG_WARN_DOCUMENTATION_COMMENTS = YES;
				CLANG_WARN_EMPTY_BODY = YES;
				CLANG_WARN_ENUM_CONVERSION = YES;
				CLANG_WARN_INFINITE_RECURSION = YES;
				CLANG_WARN_INT_CONVERSION = YES;
				CLANG_WARN_NON_LITERAL_NULL_CONVERSION = YES;
				CLANG_WARN_OBJC_IMPLICIT_RETAIN_SELF = YES;
				CLANG_WARN_OBJC_LITERAL_CONVERSION = YES;
				CLANG_WARN_OBJC_ROOT_CLASS = YES_ERROR;
				CLANG_WARN_QUOTED_INCLUDE_IN_FRAMEWORK_HEADER = YES;
				CLANG_WARN_RANGE_LOOP_ANALYSIS = YES;
				CLANG_WARN_STRICT_PROTOTYPES = YES;
				CLANG_WARN_SUSPICIOUS_MOVE = YES;
				CLANG_WARN_UNGUARDED_AVAILABILITY = YES_AGGRESSIVE;
				CLANG_WARN_UNREACHABLE_CODE = YES;
				CLANG_WARN__DUPLICATE_METHOD_MATCH = YES;
				COPY_PHASE_STRIP = NO;
				DEBUG_INFORMATION_FORMAT = dwarf;
				ENABLE_STRICT_OBJC_MSGSEND = YES;
				ENABLE_TESTABILITY = YES;
				GCC_C_LANGUAGE_STANDARD = gnu11;
				GCC_DYNAMIC_NO_PIC = NO;
				GCC_NO_COMMON_BLOCKS = YES;
				GCC_OPTIMIZATION_LEVEL = 0;
				GCC_PREPROCESSOR_DEFINITIONS = (
					"DEBUG=1",
					"$(inherited)",
				);
				GCC_WARN_64_TO_32_BIT_CONVERSION = YES;
				GCC_WARN_ABOUT_RETURN_TYPE = YES_ERROR;
				GCC_WARN_UNDECLARED_SELECTOR = YES;
				GCC_WARN_UNINITIALIZED_AUTOS = YES_AGGRESSIVE;
				GCC_WARN_UNUSED_FUNCTION = YES;
				GCC_WARN_UNUSED_VARIABLE = YES;
				MACOSX_DEPLOYMENT_TARGET = 11.7;
				MTL_ENABLE_DEBUG_INFO = INCLUDE_SOURCE;
				MTL_FAST_MATH = YES;
				ONLY_ACTIVE_ARCH = YES;
				SDKROOT = macosx;
				SWIFT_ACTIVE_COMPILATION_CONDITIONS = DEBUG;
				SWIFT_OPTIMIZATION_LEVEL = "-Onone";
			};
			name = Debug;
		};
		584C12AC2FEFFA2400F61A1B /* Release */ = {
			isa = XCBuildConfiguration;
			baseConfigurationReference = 150DD8E42FF2CEE500D89DCE /* Config.xcconfig */;
			buildSettings = {
				ALWAYS_SEARCH_USER_PATHS = NO;
				CLANG_ANALYZER_NONNULL = YES;
				CLANG_ANALYZER_NUMBER_OBJECT_CONVERSION = YES_AGGRESSIVE;
				CLANG_CXX_LANGUAGE_STANDARD = "gnu++17";
				CLANG_CXX_LIBRARY = "libc++";
				CLANG_ENABLE_MODULES = YES;
				CLANG_ENABLE_OBJC_ARC = YES;
				CLANG_ENABLE_OBJC_WEAK = YES;
				CLANG_WARN_BLOCK_CAPTURE_AUTORELEASING = YES;
				CLANG_WARN_BOOL_CONVERSION = YES;
				CLANG_WARN_COMMA = YES;
				CLANG_WARN_CONSTANT_CONVERSION = YES;
				CLANG_WARN_DEPRECATED_OBJC_IMPLEMENTATIONS = YES;
				CLANG_WARN_DIRECT_OBJC_ISA_USAGE = YES_ERROR;
				CLANG_WARN_DOCUMENTATION_COMMENTS = YES;
				CLANG_WARN_EMPTY_BODY = YES;
				CLANG_WARN_ENUM_CONVERSION = YES;
				CLANG_WARN_INFINITE_RECURSION = YES;
				CLANG_WARN_INT_CONVERSION = YES;
				CLANG_WARN_NON_LITERAL_NULL_CONVERSION = YES;
				CLANG_WARN_OBJC_IMPLICIT_RETAIN_SELF = YES;
				CLANG_WARN_OBJC_LITERAL_CONVERSION = YES;
				CLANG_WARN_OBJC_ROOT_CLASS = YES_ERROR;
				CLANG_WARN_QUOTED_INCLUDE_IN_FRAMEWORK_HEADER = YES;
				CLANG_WARN_RANGE_LOOP_ANALYSIS = YES;
				CLANG_WARN_STRICT_PROTOTYPES = YES;
				CLANG_WARN_SUSPICIOUS_MOVE = YES;
				CLANG_WARN_UNGUARDED_AVAILABILITY = YES_AGGRESSIVE;
				CLANG_WARN_UNREACHABLE_CODE = YES;
				CLANG_WARN__DUPLICATE_METHOD_MATCH = YES;
				COPY_PHASE_STRIP = NO;
				DEBUG_INFORMATION_FORMAT = "dwarf-with-dsym";
				ENABLE_NS_ASSERTIONS = NO;
				ENABLE_STRICT_OBJC_MSGSEND = YES;
				GCC_C_LANGUAGE_STANDARD = gnu11;
				GCC_NO_COMMON_BLOCKS = YES;
				GCC_WARN_64_TO_32_BIT_CONVERSION = YES;
				GCC_WARN_ABOUT_RETURN_TYPE = YES_ERROR;
				GCC_WARN_UNDECLARED_SELECTOR = YES;
				GCC_WARN_UNINITIALIZED_AUTOS = YES_AGGRESSIVE;
				GCC_WARN_UNUSED_FUNCTION = YES;
				GCC_WARN_UNUSED_VARIABLE = YES;
				MACOSX_DEPLOYMENT_TARGET = 11.7;
				MTL_ENABLE_DEBUG_INFO = NO;
				MTL_FAST_MATH = YES;
				SDKROOT = macosx;
				SWIFT_COMPILATION_MODE = wholemodule;
				SWIFT_OPTIMIZATION_LEVEL = "-O";
			};
			name = Release;
		};
		584C12AE2FEFFA2400F61A1B /* Debug */ = {
			isa = XCBuildConfiguration;
			baseConfigurationReference = 150DD8E42FF2CEE500D89DCE /* Config.xcconfig */;
			buildSettings = {
				ASSETCATALOG_COMPILER_APPICON_NAME = AppIcon;
				ASSETCATALOG_COMPILER_GLOBAL_ACCENT_COLOR_NAME = AccentColor;
				CODE_SIGN_STYLE = Automatic;
				COMBINE_HIDPI_IMAGES = YES;
				CURRENT_PROJECT_VERSION = 1;
				DEVELOPMENT_ASSET_PATHS = "\"QuickMart/Preview Content\"";
				DEVELOPMENT_TEAM = "";
				ENABLE_PREVIEWS = YES;
				GENERATE_INFOPLIST_FILE = YES;
				INFOPLIST_FILE = QuickMart/Info.plist;
				INFOPLIST_KEY_LSApplicationCategoryType = APISecretKey;
				INFOPLIST_KEY_NSHumanReadableCopyright = "";
				IPHONEOS_DEPLOYMENT_TARGET = 18.0;
				LD_RUNPATH_SEARCH_PATHS = (
					"$(inherited)",
					"@executable_path/../Frameworks",
				);
				MARKETING_VERSION = 1.0;
				PRODUCT_BUNDLE_IDENTIFIER = com.iti.quickmart;
				PRODUCT_NAME = "$(TARGET_NAME)";
				SUPPORTED_PLATFORMS = "iphoneos iphonesimulator";
				SUPPORTS_MACCATALYST = NO;
				SWIFT_EMIT_LOC_STRINGS = YES;
				SWIFT_VERSION = 5.0;
				TARGETED_DEVICE_FAMILY = "1,2";
			};
			name = Debug;
		};
		584C12AF2FEFFA2400F61A1B /* Release */ = {
			isa = XCBuildConfiguration;
			baseConfigurationReference = 150DD8E42FF2CEE500D89DCE /* Config.xcconfig */;
			buildSettings = {
				ASSETCATALOG_COMPILER_APPICON_NAME = AppIcon;
				ASSETCATALOG_COMPILER_GLOBAL_ACCENT_COLOR_NAME = AccentColor;
				CODE_SIGN_STYLE = Automatic;
				COMBINE_HIDPI_IMAGES = YES;
				CURRENT_PROJECT_VERSION = 1;
				DEVELOPMENT_ASSET_PATHS = "\"QuickMart/Preview Content\"";
				DEVELOPMENT_TEAM = "";
				ENABLE_PREVIEWS = YES;
				GENERATE_INFOPLIST_FILE = YES;
				INFOPLIST_FILE = QuickMart/Info.plist;
				INFOPLIST_KEY_LSApplicationCategoryType = APISecretKey;
				INFOPLIST_KEY_NSHumanReadableCopyright = "";
				IPHONEOS_DEPLOYMENT_TARGET = 18.0;
				LD_RUNPATH_SEARCH_PATHS = (
					"$(inherited)",
					"@executable_path/../Frameworks",
				);
				MARKETING_VERSION = 1.0;
				PRODUCT_BUNDLE_IDENTIFIER = com.iti.quickmart;
				PRODUCT_NAME = "$(TARGET_NAME)";
				SUPPORTED_PLATFORMS = "iphoneos iphonesimulator";
				SUPPORTS_MACCATALYST = NO;
				SWIFT_EMIT_LOC_STRINGS = YES;
				SWIFT_VERSION = 5.0;
				TARGETED_DEVICE_FAMILY = "1,2";
			};
			name = Release;
		};
		584C12B12FEFFA2400F61A1B /* Debug */ = {
			isa = XCBuildConfiguration;
			buildSettings = {
				ALWAYS_EMBED_SWIFT_STANDARD_LIBRARIES = YES;
				BUNDLE_LOADER = "$(TEST_HOST)";
				CODE_SIGN_STYLE = Automatic;
				CURRENT_PROJECT_VERSION = 1;
				GENERATE_INFOPLIST_FILE = YES;
				MACOSX_DEPLOYMENT_TARGET = 11.7;
				MARKETING_VERSION = 1.0;
				PRODUCT_BUNDLE_IDENTIFIER = AhmedElSayyad.QuickMartTests;
				PRODUCT_NAME = "$(TARGET_NAME)";
				SWIFT_EMIT_LOC_STRINGS = NO;
				SWIFT_VERSION = 5.0;
				TEST_HOST = "$(BUILT_PRODUCTS_DIR)/QuickMart.app/Contents/MacOS/QuickMart";
			};
			name = Debug;
		};
		584C12B22FEFFA2400F61A1B /* Release */ = {
			isa = XCBuildConfiguration;
			buildSettings = {
				ALWAYS_EMBED_SWIFT_STANDARD_LIBRARIES = YES;
				BUNDLE_LOADER = "$(TEST_HOST)";
				CODE_SIGN_STYLE = Automatic;
				CURRENT_PROJECT_VERSION = 1;
				GENERATE_INFOPLIST_FILE = YES;
				MACOSX_DEPLOYMENT_TARGET = 11.7;
				MARKETING_VERSION = 1.0;
				PRODUCT_BUNDLE_IDENTIFIER = AhmedElSayyad.QuickMartTests;
				PRODUCT_NAME = "$(TARGET_NAME)";
				SWIFT_EMIT_LOC_STRINGS = NO;
				SWIFT_VERSION = 5.0;
				TEST_HOST = "$(BUILT_PRODUCTS_DIR)/QuickMart.app/Contents/MacOS/QuickMart";
			};
			name = Release;
		};
		584C12B42FEFFA2400F61A1B /* Debug */ = {
			isa = XCBuildConfiguration;
			buildSettings = {
				ALWAYS_EMBED_SWIFT_STANDARD_LIBRARIES = YES;
				CODE_SIGN_STYLE = Automatic;
				CURRENT_PROJECT_VERSION = 1;
				GENERATE_INFOPLIST_FILE = YES;
				MARKETING_VERSION = 1.0;
				PRODUCT_BUNDLE_IDENTIFIER = AhmedElSayyad.QuickMartUITests;
				PRODUCT_NAME = "$(TARGET_NAME)";
				SWIFT_EMIT_LOC_STRINGS = NO;
				SWIFT_VERSION = 5.0;
				TEST_TARGET_NAME = QuickMart;
			};
			name = Debug;
		};
		584C12B52FEFFA2400F61A1B /* Release */ = {
			isa = XCBuildConfiguration;
			buildSettings = {
				ALWAYS_EMBED_SWIFT_STANDARD_LIBRARIES = YES;
				CODE_SIGN_STYLE = Automatic;
				CURRENT_PROJECT_VERSION = 1;
				GENERATE_INFOPLIST_FILE = YES;
				MARKETING_VERSION = 1.0;
				PRODUCT_BUNDLE_IDENTIFIER = AhmedElSayyad.QuickMartUITests;
				PRODUCT_NAME = "$(TARGET_NAME)";
				SWIFT_EMIT_LOC_STRINGS = NO;
				SWIFT_VERSION = 5.0;
				TEST_TARGET_NAME = QuickMart;
			};
			name = Release;
		};
/* End XCBuildConfiguration section */

/* Begin XCConfigurationList section */
		584C127E2FEFFA1F00F61A1B /* Build configuration list for PBXProject "QuickMart" */ = {
			isa = XCConfigurationList;
			buildConfigurations = (
				584C12AB2FEFFA2400F61A1B /* Debug */,
				584C12AC2FEFFA2400F61A1B /* Release */,
			);
			defaultConfigurationIsVisible = 0;
			defaultConfigurationName = Release;
		};
		584C12AD2FEFFA2400F61A1B /* Build configuration list for PBXNativeTarget "QuickMart" */ = {
			isa = XCConfigurationList;
			buildConfigurations = (
				584C12AE2FEFFA2400F61A1B /* Debug */,
				584C12AF2FEFFA2400F61A1B /* Release */,
			);
			defaultConfigurationIsVisible = 0;
			defaultConfigurationName = Release;
		};
		584C12B02FEFFA2400F61A1B /* Build configuration list for PBXNativeTarget "QuickMartTests" */ = {
			isa = XCConfigurationList;
			buildConfigurations = (
				584C12B12FEFFA2400F61A1B /* Debug */,
				584C12B22FEFFA2400F61A1B /* Release */,
			);
			defaultConfigurationIsVisible = 0;
			defaultConfigurationName = Release;
		};
		584C12B32FEFFA2400F61A1B /* Build configuration list for PBXNativeTarget "QuickMartUITests" */ = {
			isa = XCConfigurationList;
			buildConfigurations = (
				584C12B42FEFFA2400F61A1B /* Debug */,
				584C12B52FEFFA2400F61A1B /* Release */,
			);
			defaultConfigurationIsVisible = 0;
			defaultConfigurationName = Release;
		};
/* End XCConfigurationList section */

/* Begin XCRemoteSwiftPackageReference section */
		1518E88A2FF1B5A3006BED1A /* XCRemoteSwiftPackageReference "apollo-ios" */ = {
			isa = XCRemoteSwiftPackageReference;
			repositoryURL = "https://github.com/apollographql/apollo-ios";
			requirement = {
				kind = exactVersion;
				version = 1.5.0;
			};
		};
		D412CA432FF2E1DB0010892E /* XCRemoteSwiftPackageReference "firebase-ios-sdk" */ = {
			isa = XCRemoteSwiftPackageReference;
			repositoryURL = "https://github.com/firebase/firebase-ios-sdk";
			requirement = {
				kind = exactVersion;
				version = 11.12.0;
			};
		};
		D412CA482FF2E2560010892E /* XCRemoteSwiftPackageReference "apollo-ios" */ = {
			isa = XCRemoteSwiftPackageReference;
			repositoryURL = "https://github.com/apollographql/apollo-ios";
			requirement = {
				kind = exactVersion;
				version = 1.5.0;
			};
		};
		DE8BD19E2FF1945D00666E5D /* XCRemoteSwiftPackageReference "firebase-ios-sdk" */ = {
			isa = XCRemoteSwiftPackageReference;
			repositoryURL = "https://github.com/firebase/firebase-ios-sdk";
			requirement = {
				kind = exactVersion;
				version = 11.12.0;
			};
		};
/* End XCRemoteSwiftPackageReference section */

/* Begin XCSwiftPackageProductDependency section */
		1518E88B2FF1B5A3006BED1A /* Apollo */ = {
			isa = XCSwiftPackageProductDependency;
			package = 1518E88A2FF1B5A3006BED1A /* XCRemoteSwiftPackageReference "apollo-ios" */;
			productName = Apollo;
		};
		D412CA442FF2E1DB0010892E /* FirebaseAuth */ = {
			isa = XCSwiftPackageProductDependency;
			package = D412CA432FF2E1DB0010892E /* XCRemoteSwiftPackageReference "firebase-ios-sdk" */;
			productName = FirebaseAuth;
		};
		D412CA462FF2E1DB0010892E /* FirebaseCore */ = {
			isa = XCSwiftPackageProductDependency;
			package = D412CA432FF2E1DB0010892E /* XCRemoteSwiftPackageReference "firebase-ios-sdk" */;
			productName = FirebaseCore;
		};
		D412CA492FF2E2560010892E /* Apollo */ = {
			isa = XCSwiftPackageProductDependency;
			package = D412CA482FF2E2560010892E /* XCRemoteSwiftPackageReference "apollo-ios" */;
			productName = Apollo;
		};
		DE8BD19F2FF1945D00666E5D /* FirebaseAuth */ = {
			isa = XCSwiftPackageProductDependency;
			package = DE8BD19E2FF1945D00666E5D /* XCRemoteSwiftPackageReference "firebase-ios-sdk" */;
			productName = FirebaseAuth;
		};
		DE8BD1A12FF1945D00666E5D /* FirebaseCore */ = {
			isa = XCSwiftPackageProductDependency;
			package = DE8BD19E2FF1945D00666E5D /* XCRemoteSwiftPackageReference "firebase-ios-sdk" */;
			productName = FirebaseCore;
		};
/* End XCSwiftPackageProductDependency section */

/* Begin XCVersionGroup section */
		D4A91EF22FF025AE007B11D2 /* QuickMart.xcdatamodeld */ = {
			isa = XCVersionGroup;
			children = (
				D4A91EF62FF025AE007B11D2 /* QuickMart.xcdatamodel */,
			);
			currentVersion = D4A91EF62FF025AE007B11D2 /* QuickMart.xcdatamodel */;
			path = QuickMart.xcdatamodeld;
			sourceTree = "<group>";
			versionGroupType = wrapper.xcdatamodel;
		};
/* End XCVersionGroup section */
	};
	rootObject = 584C127B2FEFFA1F00F61A1B /* Project object */;
}
